github.com/SCKelemen/color v1.0.0 h1:g9XllQGiCY6lszXfR0GNT1kzJdXTxcxSLP+O9OCju+k=
github.com/SCKelemen/color v1.0.0/go.mod h1:G6Yw9w05iV24jPUasYWh80LLssKu2IHu3n4rIHO1dgU=
github.com/SCKelemen/design-system v0.1.0 h1:qKFA11c/1j7mGZXPy5MhJ4/nTWnSJtGvsW2lxxO4jAI=
github.com/SCKelemen/design-system v0.1.0/go.mod h1:tWG8L3keowF07/msfLMPASYuOXxS2BWkDLNhLq7JhnA=
github.com/SCKelemen/layout v1.1.0 h1:mxc755/HZkaBV5pT4MjzURfYkG2fDPyqqdiAOh1L8XM=
github.com/SCKelemen/layout v1.1.0/go.mod h1:wC8jGHA3+Uj1hW/nHWwLonO52ZVHd9WWeqEB3xA4SQ0=
github.com/SCKelemen/svg v0.2.0 h1:KacLygyDZ2Mk6zLdX7q62a408xT8yJS7viKSufklKz8=
github.com/SCKelemen/svg v0.2.0/go.mod h1:6g3K5lrcSQSIFT38j6tCpen1zYoq1IstcFvmUhnTqXE=
github.com/SCKelemen/text v1.0.0 h1:kz750FHssOcitJBesceYVv/LjQt8V/lDsGN8ydLCEKc=
github.com/SCKelemen/text v1.0.0/go.mod h1:5z/2uN8hAGMEp8WwBAIyvt/CcL9IRHvejzAPPHJjtzo=
github.com/SCKelemen/unicode v1.0.1-0.20251225190048-233be2b0d647 h1:GO4BGxXWueTalxF+pwGvpoNxaPVN2CmdT2GrKhn+Ens=
github.com/SCKelemen/unicode v1.0.1-0.20251225190048-233be2b0d647/go.mod h1:lJ+vty4r9+3E9Agh2Nmmlfl3/AJKCyP3gWMx8BSdOl0=
github.com/SCKelemen/units v1.0.2 h1:pkU72sxAIIGzcxvxWWhRem1L5DzL4wnmtYn9KDZvQP0=
github.com/SCKelemen/units v1.0.2/go.mod h1:4AtPZnvBZHQ66SxsUk8VjxztXGMMvbA5toat/65B7S4=
github.com/golang-jwt/jwt/v5 v5.2.2 h1:Rl4B7itRWVtYIHFrSNd7vhTiz9UpLdi6gZhZ3wEeDy8=
github.com/golang-jwt/jwt/v5 v5.2.2/go.mod h1:pqrtFR0X4osieyHYxtmOUWsAWrfe1Q5UVIyoH402zdk=
github.com/google/go-cmp v0.7.0 h1:wk8382ETsv4JYUZwIsn6YpYiWiBsYLSJiTsyBybVuN8=
github.com/google/go-cmp v0.7.0/go.mod h1:pXiqmnSA92OHEEa9HXL2W4E7lf9JzCmGVUdgjX3N/iU=
github.com/google/jsonschema-go v0.3.0 h1:6AH2TxVNtk3IlvkkhjrtbUc4S8AvO0Xii0DxIygDg+Q=
github.com/google/jsonschema-go v0.3.0/go.mod h1:r5quNTdLOYEz95Ru18zA0ydNbBuYoo9tgaYcxEYhJVE=
github.com/modelcontextprotocol/go-sdk v1.2.0 h1:Y23co09300CEk8iZ/tMxIX1dVmKZkzoSBZOpJwUnc/s=
github.com/modelcontextprotocol/go-sdk v1.2.0/go.mod h1:6fM3LCm3yV7pAs8isnKLn07oKtB0MP9LHd3DfAcKw10=
github.com/srwiley/oksvg v0.0.0-20220731023508-a61f04f16b76 h1:Ga2uagHhDeGysCixLAzH0mS2TU+CrbQavmsHUNkEEVA=
github.com/srwiley/oksvg v0.0.0-20220731023508-a61f04f16b76/go.mod h1:cNQ3dwVJtS5Hmnjxy6AgTPd0Inb3pW05ftPSX7NZO7Q=
github.com/srwiley/rasterx v0.0.0-20220730225603-2ab79fcdd4ef h1:Ch6Q+AZUxDBCVqdkI8FSpFyZDtCVBc2VmejdNrm5rRQ=
github.com/srwiley/rasterx v0.0.0-20220730225603-2ab79fcdd4ef/go.mod h1:nXTWP6+gD5+LUJ8krVhhoeHjvHTutPxMYl5SvkcnJNE=
github.com/yosida95/uritemplate/v3 v3.0.2 h1:Ed3Oyj9yrmi9087+NczuL5BwkIc4wvTb5zIM+UJPGz4=
github.com/yosida95/uritemplate/v3 v3.0.2/go.mod h1:ILOh0sOhIJR3+L/8afwt/kE++YT040gmv5BQTMR2HP4=
golang.org/x/image v0.34.0 h1:33gCkyw9hmwbZJeZkct8XyR11yH889EQt/QH4VmXMn8=
golang.org/x/image v0.34.0/go.mod h1:2RNFBZRB+vnwwFil8GkMdRvrJOFd1AzdZI6vOY+eJVU=
golang.org/x/net v0.0.0-20211118161319-6a13c67c3ce4 h1:DZshvxDdVoeKIbudAdFEKi+f70l51luSy/7b76ibTY0=
golang.org/x/net v0.0.0-20211118161319-6a13c67c3ce4/go.mod h1:9nx3DQGgdP8bBQD5qxJ1jj9UTztislL4KSBs9R2vV5Y=
golang.org/x/oauth2 v0.30.0 h1:dnDm7JmhM45NNpd8FDDeLhK6FwqbOf4MLCM9zb1BOHI=
golang.org/x/oauth2 v0.30.0/go.mod h1:B++QgG3ZKulg6sRPGD/mqlHQs5rB3Ml9erfeDY7xKlU=
golang.org/x/text v0.32.0 h1:ZD01bjUt1FQ9WJ0ClOL5vxgxOI/sVCNgX1YtKwcY0mU=
golang.org/x/text v0.32.0/go.mod h1:o/rUWzghvpD5TXrTIBuJU77MTaN0ljMWE47kxGJQ7jY=
golang.org/x/tools v0.39.0 h1:ik4ho21kwuQln40uelmciQPp9SipgNDdrafrYA4TmQQ=
golang.org/x/tools v0.39.0/go.mod h1:JnefbkDPyD8UU2kI5fuf8ZX4/yUeh9W877ZeBONxUqQ=
